PODS:
  - CryptoSwift (0.6.9)
  - Starscream (2.0.4)
  - SwiftyJSON (3.1.4)

DEPENDENCIES:
  - CryptoSwift
  - Starscream (~> 2.0.0)
  - SwiftyJSON

SPEC CHECKSUMS:
  CryptoSwift: a22f6ba238e9ce4d26ee7bf45b9ed82e7122d4a0
  Starscream: df5974ee928b157c8eda8af8de7c620276b7dfcc
  SwiftyJSON: c2842d878f95482ffceec5709abc3d05680c0220

PODFILE CHECKSUM: 965d9996691eb99db850c95c8d9a7918269c389f

COCOAPODS: 1.2.1
