// !$*UTF8*$!
{
	archiveVersion = 1;
	classes = {
	};
	objectVersion = 46;
	objects = {

/* Begin PBXBuildFile section */
		2E4B3ED2F535E0E6D0B0CE99 /* Pods_Astral.framework in Frameworks */ = {isa = PBXBuildFile; fileRef = 27AB2A4CB9DB1EC7ED74066D /* Pods_Astral.framework */; };
		B0023B6E1EAA586C00F1EC09 /* focal_icon.png in Resources */ = {isa = PBXBuildFile; fileRef = B0023B6D1EAA586C00F1EC09 /* focal_icon.png */; };
		B0023B711EB8CBD400F1EC09 /* v_down_icon.png in Resources */ = {isa = PBXBuildFile; fileRef = B0023B6F1EB8CBD400F1EC09 /* v_down_icon.png */; };
		B0023B721EB8CBD400F1EC09 /* v_up_icon.png in Resources */ = {isa = PBXBuildFile; fileRef = B0023B701EB8CBD400F1EC09 /* v_up_icon.png */; };
		B0023B751EBA0E6E00F1EC09 /* vd_down_icon.png in Resources */ = {isa = PBXBuildFile; fileRef = B0023B731EBA0E6D00F1EC09 /* vd_down_icon.png */; };
		B0023B761EBA0E6E00F1EC09 /* vd_up_icon.png in Resources */ = {isa = PBXBuildFile; fileRef = B0023B741EBA0E6E00F1EC09 /* vd_up_icon.png */; };
		B0023B7A1EBA1C1400F1EC09 /* ViewController.swift in Sources */ = {isa = PBXBuildFile; fileRef = B0023B791EBA1C1400F1EC09 /* ViewController.swift */; };
		B0023B7C1EBA1C1800F1EC09 /* AppDelegate.swift in Sources */ = {isa = PBXBuildFile; fileRef = B0023B7B1EBA1C1800F1EC09 /* AppDelegate.swift */; };
		B0023B7E1EBA1C1D00F1EC09 /* Info.plist in Resources */ = {isa = PBXBuildFile; fileRef = B0023B7D1EBA1C1D00F1EC09 /* Info.plist */; };
		B0023B801EBA1C2200F1EC09 /* Assets.xcassets in Resources */ = {isa = PBXBuildFile; fileRef = B0023B7F1EBA1C2200F1EC09 /* Assets.xcassets */; };
		B03395231ECC80FE00A09786 /* Default-568.png in Resources */ = {isa = PBXBuildFile; fileRef = B03395221ECC80FE00A09786 /* Default-568.png */; };
		B03395251ECC868400A09786 /* Default-568h@2x.png in Resources */ = {isa = PBXBuildFile; fileRef = B03395241ECC868400A09786 /* Default-568h@2x.png */; };
		B03D88E81EBA1DFA007EE08E /* Main.storyboard in Resources */ = {isa = PBXBuildFile; fileRef = B03D88E51EBA1DFA007EE08E /* Main.storyboard */; };
		B0476C6B1DA28CFE000FC661 /* Starscream in Frameworks */ = {isa = PBXBuildFile; fileRef = B0476BF81DA28BCD000FC661 /* Starscream */; settings = {ATTRIBUTES = (Required, ); }; };
		B053ECD71D9D3ACC009DA4AB /* Network.swift in Sources */ = {isa = PBXBuildFile; fileRef = B053ECD61D9D3ACC009DA4AB /* Network.swift */; };
		B05E05161EC0C3AD009D20E5 /* Launch Screen.storyboard in Resources */ = {isa = PBXBuildFile; fileRef = B05E05151EC0C3AD009D20E5 /* Launch Screen.storyboard */; };
		B069B17B1E0D4EC400873A2E /* opencv2.framework in Frameworks */ = {isa = PBXBuildFile; fileRef = B069B17A1E0D4EC400873A2E /* opencv2.framework */; };
		B07944E21EBFB1DB00CA6379 /* CryptoSwift.framework in Frameworks */ = {isa = PBXBuildFile; fileRef = B07944E11EBFB1DB00CA6379 /* CryptoSwift.framework */; };
		B0E355F51D995DBF0088EB10 /* StrandsTests.swift in Sources */ = {isa = PBXBuildFile; fileRef = B0E355F41D995DBF0088EB10 /* StrandsTests.swift */; };
		B0E356001D995DBF0088EB10 /* StrandsUITests.swift in Sources */ = {isa = PBXBuildFile; fileRef = B0E355FF1D995DBF0088EB10 /* StrandsUITests.swift */; };
		B0E356171D995E110088EB10 /* Camera.swift in Sources */ = {isa = PBXBuildFile; fileRef = B0E3560F1D995E110088EB10 /* Camera.swift */; };
		B0E356181D995E110088EB10 /* Location.swift in Sources */ = {isa = PBXBuildFile; fileRef = B0E356101D995E110088EB10 /* Location.swift */; };
		B0E356191D995E110088EB10 /* Map.swift in Sources */ = {isa = PBXBuildFile; fileRef = B0E356111D995E110088EB10 /* Map.swift */; };
		B0E3561A1D995E110088EB10 /* Misc.swift in Sources */ = {isa = PBXBuildFile; fileRef = B0E356121D995E110088EB10 /* Misc.swift */; };
		B0E3561B1D995E110088EB10 /* OpenCVWrapper.mm in Sources */ = {isa = PBXBuildFile; fileRef = B0E356141D995E110088EB10 /* OpenCVWrapper.mm */; };
		B0E3561C1D995E110088EB10 /* Scene.swift in Sources */ = {isa = PBXBuildFile; fileRef = B0E356151D995E110088EB10 /* Scene.swift */; };
		B0E3561D1D995E110088EB10 /* UserInterface.swift in Sources */ = {isa = PBXBuildFile; fileRef = B0E356161D995E110088EB10 /* UserInterface.swift */; };
		B0E356221D995E1E0088EB10 /* focalpost in Resources */ = {isa = PBXBuildFile; fileRef = B0E3561F1D995E1E0088EB10 /* focalpost */; };
		B0E356231D995E1E0088EB10 /* focalpost.dae in Resources */ = {isa = PBXBuildFile; fileRef = B0E356201D995E1E0088EB10 /* focalpost.dae */; };
/* End PBXBuildFile section */

/* Begin PBXContainerItemProxy section */
		B0E355F11D995DBF0088EB10 /* PBXContainerItemProxy */ = {
			isa = PBXContainerItemProxy;
			containerPortal = B0E355D41D995DBF0088EB10 /* Project object */;
			proxyType = 1;
			remoteGlobalIDString = B0E355DB1D995DBF0088EB10;
			remoteInfo = Strands;
		};
		B0E355FC1D995DBF0088EB10 /* PBXContainerItemProxy */ = {
			isa = PBXContainerItemProxy;
			containerPortal = B0E355D41D995DBF0088EB10 /* Project object */;
			proxyType = 1;
			remoteGlobalIDString = B0E355DB1D995DBF0088EB10;
			remoteInfo = Strands;
		};
/* End PBXContainerItemProxy section */

/* Begin PBXFileReference section */
		27AB2A4CB9DB1EC7ED74066D /* Pods_Astral.framework */ = {isa = PBXFileReference; explicitFileType = wrapper.framework; includeInIndex = 0; path = Pods_Astral.framework; sourceTree = BUILT_PRODUCTS_DIR; };
		B0023B6D1EAA586C00F1EC09 /* focal_icon.png */ = {isa = PBXFileReference; lastKnownFileType = image.png; path = focal_icon.png; sourceTree = "<group>"; };
		B0023B6F1EB8CBD400F1EC09 /* v_down_icon.png */ = {isa = PBXFileReference; lastKnownFileType = image.png; path = v_down_icon.png; sourceTree = "<group>"; };
		B0023B701EB8CBD400F1EC09 /* v_up_icon.png */ = {isa = PBXFileReference; lastKnownFileType = image.png; path = v_up_icon.png; sourceTree = "<group>"; };
		B0023B731EBA0E6D00F1EC09 /* vd_down_icon.png */ = {isa = PBXFileReference; lastKnownFileType = image.png; path = vd_down_icon.png; sourceTree = "<group>"; };
		B0023B741EBA0E6E00F1EC09 /* vd_up_icon.png */ = {isa = PBXFileReference; lastKnownFileType = image.png; path = vd_up_icon.png; sourceTree = "<group>"; };
		B0023B791EBA1C1400F1EC09 /* ViewController.swift */ = {isa = PBXFileReference; fileEncoding = 4; lastKnownFileType = sourcecode.swift; name = ViewController.swift; path = Astral/ViewController.swift; sourceTree = SOURCE_ROOT; };
		B0023B7B1EBA1C1800F1EC09 /* AppDelegate.swift */ = {isa = PBXFileReference; fileEncoding = 4; lastKnownFileType = sourcecode.swift; name = AppDelegate.swift; path = Astral/AppDelegate.swift; sourceTree = SOURCE_ROOT; };
		B0023B7D1EBA1C1D00F1EC09 /* Info.plist */ = {isa = PBXFileReference; fileEncoding = 4; lastKnownFileType = text.plist.xml; name = Info.plist; path = Astral/Info.plist; sourceTree = SOURCE_ROOT; };
		B0023B7F1EBA1C2200F1EC09 /* Assets.xcassets */ = {isa = PBXFileReference; lastKnownFileType = folder.assetcatalog; name = Assets.xcassets; path = Astral/Assets.xcassets; sourceTree = SOURCE_ROOT; };
		B03395221ECC80FE00A09786 /* Default-568.png */ = {isa = PBXFileReference; lastKnownFileType = image.png; name = "Default-568.png"; path = "logos/Default-568.png"; sourceTree = "<group>"; };
		B03395241ECC868400A09786 /* Default-568h@2x.png */ = {isa = PBXFileReference; lastKnownFileType = image.png; name = "Default-568h@2x.png"; path = "logos/Default-568h@2x.png"; sourceTree = "<group>"; };
		B03D88E61EBA1DFA007EE08E /* Base */ = {isa = PBXFileReference; lastKnownFileType = file.storyboard; name = Base; path = Astral/Base.lproj/Main.storyboard; sourceTree = SOURCE_ROOT; };
		B0476BF81DA28BCD000FC661 /* Starscream */ = {isa = PBXFileReference; lastKnownFileType = folder; name = Starscream; path = ../../startest/Starscream; sourceTree = "<group>"; };
		B053ECD61D9D3ACC009DA4AB /* Network.swift */ = {isa = PBXFileReference; fileEncoding = 4; lastKnownFileType = sourcecode.swift; lineEnding = 0; path = Network.swift; sourceTree = "<group>"; xcLanguageSpecificationIdentifier = xcode.lang.swift; };
		B05E05151EC0C3AD009D20E5 /* Launch Screen.storyboard */ = {isa = PBXFileReference; fileEncoding = 4; lastKnownFileType = file.storyboard; path = "Launch Screen.storyboard"; sourceTree = "<group>"; };
		B069B17A1E0D4EC400873A2E /* opencv2.framework */ = {isa = PBXFileReference; lastKnownFileType = wrapper.framework; path = opencv2.framework; sourceTree = "<group>"; };
		B07944E11EBFB1DB00CA6379 /* CryptoSwift.framework */ = {isa = PBXFileReference; lastKnownFileType = wrapper.framework; name = CryptoSwift.framework; path = "Build/Products/Debug-iphoneos/CryptoSwift/CryptoSwift.framework"; sourceTree = "<group>"; };
		B0E355DC1D995DBF0088EB10 /* Astral.app */ = {isa = PBXFileReference; explicitFileType = wrapper.application; includeInIndex = 0; path = Astral.app; sourceTree = BUILT_PRODUCTS_DIR; };
		B0E355F01D995DBF0088EB10 /* AstralTests.xctest */ = {isa = PBXFileReference; explicitFileType = wrapper.cfbundle; includeInIndex = 0; path = AstralTests.xctest; sourceTree = BUILT_PRODUCTS_DIR; };
		B0E355F41D995DBF0088EB10 /* StrandsTests.swift */ = {isa = PBXFileReference; lastKnownFileType = sourcecode.swift; path = StrandsTests.swift; sourceTree = "<group>"; };
		B0E355F61D995DBF0088EB10 /* Info.plist */ = {isa = PBXFileReference; lastKnownFileType = text.plist.xml; path = Info.plist; sourceTree = "<group>"; };
		B0E355FB1D995DBF0088EB10 /* AstralUITests.xctest */ = {isa = PBXFileReference; explicitFileType = wrapper.cfbundle; includeInIndex = 0; path = AstralUITests.xctest; sourceTree = BUILT_PRODUCTS_DIR; };
		B0E355FF1D995DBF0088EB10 /* StrandsUITests.swift */ = {isa = PBXFileReference; lastKnownFileType = sourcecode.swift; path = StrandsUITests.swift; sourceTree = "<group>"; };
		B0E356011D995DBF0088EB10 /* Info.plist */ = {isa = PBXFileReference; lastKnownFileType = text.plist.xml; path = Info.plist; sourceTree = "<group>"; };
		B0E3560E1D995E110088EB10 /* Strands-Bridging-Header.h */ = {isa = PBXFileReference; lastKnownFileType = sourcecode.c.h; path = "Strands-Bridging-Header.h"; sourceTree = "<group>"; };
		B0E3560F1D995E110088EB10 /* Camera.swift */ = {isa = PBXFileReference; fileEncoding = 4; lastKnownFileType = sourcecode.swift; path = Camera.swift; sourceTree = "<group>"; };
		B0E356101D995E110088EB10 /* Location.swift */ = {isa = PBXFileReference; fileEncoding = 4; lastKnownFileType = sourcecode.swift; path = Location.swift; sourceTree = "<group>"; };
		B0E356111D995E110088EB10 /* Map.swift */ = {isa = PBXFileReference; fileEncoding = 4; lastKnownFileType = sourcecode.swift; lineEnding = 0; path = Map.swift; sourceTree = "<group>"; xcLanguageSpecificationIdentifier = xcode.lang.swift; };
		B0E356121D995E110088EB10 /* Misc.swift */ = {isa = PBXFileReference; fileEncoding = 4; lastKnownFileType = sourcecode.swift; path = Misc.swift; sourceTree = "<group>"; };
		B0E356131D995E110088EB10 /* OpenCVWrapper.h */ = {isa = PBXFileReference; fileEncoding = 4; lastKnownFileType = sourcecode.c.h; path = OpenCVWrapper.h; sourceTree = "<group>"; };
		B0E356141D995E110088EB10 /* OpenCVWrapper.mm */ = {isa = PBXFileReference; fileEncoding = 4; lastKnownFileType = sourcecode.cpp.objcpp; path = OpenCVWrapper.mm; sourceTree = "<group>"; };
		B0E356151D995E110088EB10 /* Scene.swift */ = {isa = PBXFileReference; fileEncoding = 4; lastKnownFileType = sourcecode.swift; lineEnding = 0; path = Scene.swift; sourceTree = "<group>"; xcLanguageSpecificationIdentifier = xcode.lang.swift; };
		B0E356161D995E110088EB10 /* UserInterface.swift */ = {isa = PBXFileReference; fileEncoding = 4; lastKnownFileType = sourcecode.swift; path = UserInterface.swift; sourceTree = "<group>"; };
		B0E3561F1D995E1E0088EB10 /* focalpost */ = {isa = PBXFileReference; lastKnownFileType = folder; path = focalpost; sourceTree = "<group>"; };
		B0E356201D995E1E0088EB10 /* focalpost.dae */ = {isa = PBXFileReference; fileEncoding = 4; lastKnownFileType = text.xml.dae; path = focalpost.dae; sourceTree = "<group>"; };
		E9ECF3C72CCBC475F304CD86 /* Pods-Astral.release.xcconfig */ = {isa = PBXFileReference; includeInIndex = 1; lastKnownFileType = text.xcconfig; name = "Pods-Astral.release.xcconfig"; path = "Pods/Target Support Files/Pods-Astral/Pods-Astral.release.xcconfig"; sourceTree = "<group>"; };
		FE3A2B397D47949F4194E4EC /* Pods-Astral.debug.xcconfig */ = {isa = PBXFileReference; includeInIndex = 1; lastKnownFileType = text.xcconfig; name = "Pods-Astral.debug.xcconfig"; path = "Pods/Target Support Files/Pods-Astral/Pods-Astral.debug.xcconfig"; sourceTree = "<group>"; };
/* End PBXFileReference section */

/* Begin PBXFrameworksBuildPhase section */
		B0E355D91D995DBF0088EB10 /* Frameworks */ = {
			isa = PBXFrameworksBuildPhase;
			buildActionMask = 2147483647;
			files = (
				B07944E21EBFB1DB00CA6379 /* CryptoSwift.framework in Frameworks */,
				B069B17B1E0D4EC400873A2E /* opencv2.framework in Frameworks */,
				B0476C6B1DA28CFE000FC661 /* Starscream in Frameworks */,
				2E4B3ED2F535E0E6D0B0CE99 /* Pods_Astral.framework in Frameworks */,
			);
			runOnlyForDeploymentPostprocessing = 0;
		};
		B0E355ED1D995DBF0088EB10 /* Frameworks */ = {
			isa = PBXFrameworksBuildPhase;
			buildActionMask = 2147483647;
			files = (
			);
			runOnlyForDeploymentPostprocessing = 0;
		};
		B0E355F81D995DBF0088EB10 /* Frameworks */ = {
			isa = PBXFrameworksBuildPhase;
			buildActionMask = 2147483647;
			files = (
			);
			runOnlyForDeploymentPostprocessing = 0;
		};
/* End PBXFrameworksBuildPhase section */

/* Begin PBXGroup section */
		12B029C36EFC235BB3478A4D /* Pods */ = {
			isa = PBXGroup;
			children = (
				FE3A2B397D47949F4194E4EC /* Pods-Astral.debug.xcconfig */,
				E9ECF3C72CCBC475F304CD86 /* Pods-Astral.release.xcconfig */,
			);
			name = Pods;
			sourceTree = "<group>";
		};
		B0476BF71DA28BCD000FC661 /* Frameworks */ = {
			isa = PBXGroup;
			children = (
				B07944E11EBFB1DB00CA6379 /* CryptoSwift.framework */,
				B0476BF81DA28BCD000FC661 /* Starscream */,
				27AB2A4CB9DB1EC7ED74066D /* Pods_Astral.framework */,
			);
			name = Frameworks;
			sourceTree = "<group>";
		};
		B0E355D31D995DBF0088EB10 = {
			isa = PBXGroup;
			children = (
				B03395241ECC868400A09786 /* Default-568h@2x.png */,
				B03395221ECC80FE00A09786 /* Default-568.png */,
				B05E05151EC0C3AD009D20E5 /* Launch Screen.storyboard */,
				B0023B731EBA0E6D00F1EC09 /* vd_down_icon.png */,
				B0023B741EBA0E6E00F1EC09 /* vd_up_icon.png */,
				B0023B6F1EB8CBD400F1EC09 /* v_down_icon.png */,
				B0023B701EB8CBD400F1EC09 /* v_up_icon.png */,
				B0023B6D1EAA586C00F1EC09 /* focal_icon.png */,
				B069B17A1E0D4EC400873A2E /* opencv2.framework */,
				B0E3561F1D995E1E0088EB10 /* focalpost */,
				B0E356201D995E1E0088EB10 /* focalpost.dae */,
				B0E3560D1D995DFA0088EB10 /* Components */,
				B0E355DE1D995DBF0088EB10 /* Astral */,
				B0E355F31D995DBF0088EB10 /* AstralTests */,
				B0E355FE1D995DBF0088EB10 /* AstralUITests */,
				B0E355DD1D995DBF0088EB10 /* Products */,
				B0476BF71DA28BCD000FC661 /* Frameworks */,
				12B029C36EFC235BB3478A4D /* Pods */,
			);
			sourceTree = "<group>";
		};
		B0E355DD1D995DBF0088EB10 /* Products */ = {
			isa = PBXGroup;
			children = (
				B0E355DC1D995DBF0088EB10 /* Astral.app */,
				B0E355F01D995DBF0088EB10 /* AstralTests.xctest */,
				B0E355FB1D995DBF0088EB10 /* AstralUITests.xctest */,
			);
			name = Products;
			sourceTree = "<group>";
		};
		B0E355DE1D995DBF0088EB10 /* Astral */ = {
			isa = PBXGroup;
			children = (
				B03D88E51EBA1DFA007EE08E /* Main.storyboard */,
				B0023B791EBA1C1400F1EC09 /* ViewController.swift */,
				B0023B7B1EBA1C1800F1EC09 /* AppDelegate.swift */,
				B0023B7D1EBA1C1D00F1EC09 /* Info.plist */,
				B0023B7F1EBA1C2200F1EC09 /* Assets.xcassets */,
			);
			name = Astral;
			path = Strands;
			sourceTree = "<group>";
		};
		B0E355F31D995DBF0088EB10 /* AstralTests */ = {
			isa = PBXGroup;
			children = (
				B0E355F41D995DBF0088EB10 /* StrandsTests.swift */,
				B0E355F61D995DBF0088EB10 /* Info.plist */,
			);
			name = AstralTests;
			path = StrandsTests;
			sourceTree = "<group>";
		};
		B0E355FE1D995DBF0088EB10 /* AstralUITests */ = {
			isa = PBXGroup;
			children = (
				B0E355FF1D995DBF0088EB10 /* StrandsUITests.swift */,
				B0E356011D995DBF0088EB10 /* Info.plist */,
			);
			name = AstralUITests;
			path = StrandsUITests;
			sourceTree = "<group>";
		};
		B0E3560D1D995DFA0088EB10 /* Components */ = {
			isa = PBXGroup;
			children = (
				B0E3560F1D995E110088EB10 /* Camera.swift */,
				B0E356101D995E110088EB10 /* Location.swift */,
				B0E356111D995E110088EB10 /* Map.swift */,
				B0E356121D995E110088EB10 /* Misc.swift */,
				B0E356131D995E110088EB10 /* OpenCVWrapper.h */,
				B0E356141D995E110088EB10 /* OpenCVWrapper.mm */,
				B0E356151D995E110088EB10 /* Scene.swift */,
				B0E356161D995E110088EB10 /* UserInterface.swift */,
				B0E3560E1D995E110088EB10 /* Strands-Bridging-Header.h */,
				B053ECD61D9D3ACC009DA4AB /* Network.swift */,
			);
			name = Components;
			sourceTree = "<group>";
		};
/* End PBXGroup section */

/* Begin PBXNativeTarget section */
		B0E355DB1D995DBF0088EB10 /* Astral */ = {
			isa = PBXNativeTarget;
			buildConfigurationList = B0E356041D995DBF0088EB10 /* Build configuration list for PBXNativeTarget "Astral" */;
			buildPhases = (
				45B5FF1FA05D7A94FCBB6AA6 /* [CP] Check Pods Manifest.lock */,
				B0E355D81D995DBF0088EB10 /* Sources */,
				B0E355D91D995DBF0088EB10 /* Frameworks */,
				B0E355DA1D995DBF0088EB10 /* Resources */,
				1FEFA625CAF3E8227F568917 /* [CP] Embed Pods Frameworks */,
				FB4251B5FC7CA7FA02CB6417 /* [CP] Copy Pods Resources */,
			);
			buildRules = (
			);
			dependencies = (
			);
			name = Astral;
			productName = Strands;
			productReference = B0E355DC1D995DBF0088EB10 /* Astral.app */;
			productType = "com.apple.product-type.application";
		};
		B0E355EF1D995DBF0088EB10 /* AstralTests */ = {
			isa = PBXNativeTarget;
			buildConfigurationList = B0E356071D995DBF0088EB10 /* Build configuration list for PBXNativeTarget "AstralTests" */;
			buildPhases = (
				B0E355EC1D995DBF0088EB10 /* Sources */,
				B0E355ED1D995DBF0088EB10 /* Frameworks */,
				B0E355EE1D995DBF0088EB10 /* Resources */,
			);
			buildRules = (
			);
			dependencies = (
				B0E355F21D995DBF0088EB10 /* PBXTargetDependency */,
			);
			name = AstralTests;
			productName = StrandsTests;
			productReference = B0E355F01D995DBF0088EB10 /* AstralTests.xctest */;
			productType = "com.apple.product-type.bundle.unit-test";
		};
		B0E355FA1D995DBF0088EB10 /* AstralUITests */ = {
			isa = PBXNativeTarget;
			buildConfigurationList = B0E3560A1D995DBF0088EB10 /* Build configuration list for PBXNativeTarget "AstralUITests" */;
			buildPhases = (
				B0E355F71D995DBF0088EB10 /* Sources */,
				B0E355F81D995DBF0088EB10 /* Frameworks */,
				B0E355F91D995DBF0088EB10 /* Resources */,
			);
			buildRules = (
			);
			dependencies = (
				B0E355FD1D995DBF0088EB10 /* PBXTargetDependency */,
			);
			name = AstralUITests;
			productName = StrandsUITests;
			productReference = B0E355FB1D995DBF0088EB10 /* AstralUITests.xctest */;
			productType = "com.apple.product-type.bundle.ui-testing";
		};
/* End PBXNativeTarget section */

/* Begin PBXProject section */
		B0E355D41D995DBF0088EB10 /* Project object */ = {
			isa = PBXProject;
			attributes = {
				LastSwiftUpdateCheck = 0800;
				LastUpgradeCheck = 0820;
				ORGANIZATIONNAME = "Caspar Wylie";
				TargetAttributes = {
					B0E355DB1D995DBF0088EB10 = {
						CreatedOnToolsVersion = 8.0;
						DevelopmentTeam = 27QDUAD326;
						LastSwiftMigration = 0820;
						ProvisioningStyle = Automatic;
						SystemCapabilities = {
							com.apple.BackgroundModes = {
								enabled = 0;
							};
						};
					};
					B0E355EF1D995DBF0088EB10 = {
						CreatedOnToolsVersion = 8.0;
						DevelopmentTeam = 3WBLGY4N68;
						LastSwiftMigration = 0820;
						ProvisioningStyle = Automatic;
						TestTargetID = B0E355DB1D995DBF0088EB10;
					};
					B0E355FA1D995DBF0088EB10 = {
						CreatedOnToolsVersion = 8.0;
						DevelopmentTeam = 3WBLGY4N68;
						LastSwiftMigration = 0820;
						ProvisioningStyle = Automatic;
						TestTargetID = B0E355DB1D995DBF0088EB10;
					};
				};
			};
			buildConfigurationList = B0E355D71D995DBF0088EB10 /* Build configuration list for PBXProject "Astral" */;
			compatibilityVersion = "Xcode 3.2";
			developmentRegion = English;
			hasScannedForEncodings = 0;
			knownRegions = (
				en,
				Base,
			);
			mainGroup = B0E355D31D995DBF0088EB10;
			productRefGroup = B0E355DD1D995DBF0088EB10 /* Products */;
			projectDirPath = "";
			projectRoot = "";
			targets = (
				B0E355DB1D995DBF0088EB10 /* Astral */,
				B0E355EF1D995DBF0088EB10 /* AstralTests */,
				B0E355FA1D995DBF0088EB10 /* AstralUITests */,
			);
		};
/* End PBXProject section */

/* Begin PBXResourcesBuildPhase section */
		B0E355DA1D995DBF0088EB10 /* Resources */ = {
			isa = PBXResourcesBuildPhase;
			buildActionMask = 2147483647;
			files = (
				B0E356221D995E1E0088EB10 /* focalpost in Resources */,
				B0023B761EBA0E6E00F1EC09 /* vd_up_icon.png in Resources */,
				B0023B721EB8CBD400F1EC09 /* v_up_icon.png in Resources */,
				B0023B711EB8CBD400F1EC09 /* v_down_icon.png in Resources */,
				B03D88E81EBA1DFA007EE08E /* Main.storyboard in Resources */,
				B05E05161EC0C3AD009D20E5 /* Launch Screen.storyboard in Resources */,
				B0023B6E1EAA586C00F1EC09 /* focal_icon.png in Resources */,
				B03395231ECC80FE00A09786 /* Default-568.png in Resources */,
				B0023B751EBA0E6E00F1EC09 /* vd_down_icon.png in Resources */,
				B03395251ECC868400A09786 /* Default-568h@2x.png in Resources */,
				B0023B7E1EBA1C1D00F1EC09 /* Info.plist in Resources */,
				B0E356231D995E1E0088EB10 /* focalpost.dae in Resources */,
				B0023B801EBA1C2200F1EC09 /* Assets.xcassets in Resources */,
			);
			runOnlyForDeploymentPostprocessing = 0;
		};
		B0E355EE1D995DBF0088EB10 /* Resources */ = {
			isa = PBXResourcesBuildPhase;
			buildActionMask = 2147483647;
			files = (
			);
			runOnlyForDeploymentPostprocessing = 0;
		};
		B0E355F91D995DBF0088EB10 /* Resources */ = {
			isa = PBXResourcesBuildPhase;
			buildActionMask = 2147483647;
			files = (
			);
			runOnlyForDeploymentPostprocessing = 0;
		};
/* End PBXResourcesBuildPhase section */

/* Begin PBXShellScriptBuildPhase section */
		1FEFA625CAF3E8227F568917 /* [CP] Embed Pods Frameworks */ = {
			isa = PBXShellScriptBuildPhase;
			buildActionMask = 2147483647;
			files = (
			);
			inputPaths = (
			);
			name = "[CP] Embed Pods Frameworks";
			outputPaths = (
			);
			runOnlyForDeploymentPostprocessing = 0;
			shellPath = /bin/sh;
			shellScript = "\"${SRCROOT}/Pods/Target Support Files/Pods-Astral/Pods-Astral-frameworks.sh\"\n";
			showEnvVarsInLog = 0;
		};
		45B5FF1FA05D7A94FCBB6AA6 /* [CP] Check Pods Manifest.lock */ = {
			isa = PBXShellScriptBuildPhase;
			buildActionMask = 2147483647;
			files = (
			);
			inputPaths = (
			);
			name = "[CP] Check Pods Manifest.lock";
			outputPaths = (
			);
			runOnlyForDeploymentPostprocessing = 0;
			shellPath = /bin/sh;
			shellScript = "diff \"${PODS_PODFILE_DIR_PATH}/Podfile.lock\" \"${PODS_ROOT}/Manifest.lock\" > /dev/null\nif [ $? != 0 ] ; then\n    # print error to STDERR\n    echo \"error: The sandbox is not in sync with the Podfile.lock. Run 'pod install' or update your CocoaPods installation.\" >&2\n    exit 1\nfi\n";
			showEnvVarsInLog = 0;
		};
		FB4251B5FC7CA7FA02CB6417 /* [CP] Copy Pods Resources */ = {
			isa = PBXShellScriptBuildPhase;
			buildActionMask = 2147483647;
			files = (
			);
			inputPaths = (
			);
			name = "[CP] Copy Pods Resources";
			outputPaths = (
			);
			runOnlyForDeploymentPostprocessing = 0;
			shellPath = /bin/sh;
			shellScript = "\"${SRCROOT}/Pods/Target Support Files/Pods-Astral/Pods-Astral-resources.sh\"\n";
			showEnvVarsInLog = 0;
		};
/* End PBXShellScriptBuildPhase section */

/* Begin PBXSourcesBuildPhase section */
		B0E355D81D995DBF0088EB10 /* Sources */ = {
			isa = PBXSourcesBuildPhase;
			buildActionMask = 2147483647;
			files = (
				B0023B7C1EBA1C1800F1EC09 /* AppDelegate.swift in Sources */,
				B053ECD71D9D3ACC009DA4AB /* Network.swift in Sources */,
				B0E356191D995E110088EB10 /* Map.swift in Sources */,
				B0023B7A1EBA1C1400F1EC09 /* ViewController.swift in Sources */,
				B0E3561A1D995E110088EB10 /* Misc.swift in Sources */,
				B0E3561C1D995E110088EB10 /* Scene.swift in Sources */,
				B0E3561B1D995E110088EB10 /* OpenCVWrapper.mm in Sources */,
				B0E356181D995E110088EB10 /* Location.swift in Sources */,
				B0E3561D1D995E110088EB10 /* UserInterface.swift in Sources */,
				B0E356171D995E110088EB10 /* Camera.swift in Sources */,
			);
			runOnlyForDeploymentPostprocessing = 0;
		};
		B0E355EC1D995DBF0088EB10 /* Sources */ = {
			isa = PBXSourcesBuildPhase;
			buildActionMask = 2147483647;
			files = (
				B0E355F51D995DBF0088EB10 /* StrandsTests.swift in Sources */,
			);
			runOnlyForDeploymentPostprocessing = 0;
		};
		B0E355F71D995DBF0088EB10 /* Sources */ = {
			isa = PBXSourcesBuildPhase;
			buildActionMask = 2147483647;
			files = (
				B0E356001D995DBF0088EB10 /* StrandsUITests.swift in Sources */,
			);
			runOnlyForDeploymentPostprocessing = 0;
		};
/* End PBXSourcesBuildPhase section */

/* Begin PBXTargetDependency section */
		B0E355F21D995DBF0088EB10 /* PBXTargetDependency */ = {
			isa = PBXTargetDependency;
			target = B0E355DB1D995DBF0088EB10 /* Astral */;
			targetProxy = B0E355F11D995DBF0088EB10 /* PBXContainerItemProxy */;
		};
		B0E355FD1D995DBF0088EB10 /* PBXTargetDependency */ = {
			isa = PBXTargetDependency;
			target = B0E355DB1D995DBF0088EB10 /* Astral */;
			targetProxy = B0E355FC1D995DBF0088EB10 /* PBXContainerItemProxy */;
		};
/* End PBXTargetDependency section */

/* Begin PBXVariantGroup section */
		B03D88E51EBA1DFA007EE08E /* Main.storyboard */ = {
			isa = PBXVariantGroup;
			children = (
				B03D88E61EBA1DFA007EE08E /* Base */,
			);
			name = Main.storyboard;
			sourceTree = "<group>";
		};
/* End PBXVariantGroup section */

/* Begin XCBuildConfiguration section */
		B07944E71EBFB2EF00CA6379 /* Distribution */ = {
			isa = XCBuildConfiguration;
			buildSettings = {
				ALWAYS_SEARCH_USER_PATHS = NO;
				CLANG_ANALYZER_NONNULL = YES;
				CLANG_CXX_LANGUAGE_STANDARD = "gnu++0x";
				CLANG_CXX_LIBRARY = "libc++";
				CLANG_ENABLE_MODULES = YES;
				CLANG_ENABLE_OBJC_ARC = YES;
				CLANG_WARN_BOOL_CONVERSION = YES;
				CLANG_WARN_CONSTANT_CONVERSION = YES;
				CLANG_WARN_DIRECT_OBJC_ISA_USAGE = YES_ERROR;
				CLANG_WARN_DOCUMENTATION_COMMENTS = YES;
				CLANG_WARN_EMPTY_BODY = YES;
				CLANG_WARN_ENUM_CONVERSION = YES;
				CLANG_WARN_INFINITE_RECURSION = YES;
				CLANG_WARN_INT_CONVERSION = YES;
				CLANG_WARN_OBJC_ROOT_CLASS = YES_ERROR;
				CLANG_WARN_SUSPICIOUS_MOVE = YES;
				CLANG_WARN_SUSPICIOUS_MOVES = YES;
				CLANG_WARN_UNREACHABLE_CODE = YES;
				CLANG_WARN__DUPLICATE_METHOD_MATCH = YES;
				CODE_SIGN_IDENTITY = "iPhone Distribution: Caspar Wylie (27QDUAD326)";
				"CODE_SIGN_IDENTITY[sdk=iphoneos*]" = "iPhone Distribution: Caspar Wylie (27QDUAD326)";
				COPY_PHASE_STRIP = NO;
				DEBUG_INFORMATION_FORMAT = "dwarf-with-dsym";
				DEVELOPMENT_TEAM = 3WBLGY4N68;
				ENABLE_NS_ASSERTIONS = NO;
				ENABLE_STRICT_OBJC_MSGSEND = YES;
				GCC_C_LANGUAGE_STANDARD = gnu99;
				GCC_NO_COMMON_BLOCKS = YES;
				GCC_WARN_64_TO_32_BIT_CONVERSION = YES;
				GCC_WARN_ABOUT_RETURN_TYPE = YES_ERROR;
				GCC_WARN_UNDECLARED_SELECTOR = YES;
				GCC_WARN_UNINITIALIZED_AUTOS = YES_AGGRESSIVE;
				GCC_WARN_UNUSED_FUNCTION = YES;
				GCC_WARN_UNUSED_VARIABLE = YES;
				IPHONEOS_DEPLOYMENT_TARGET = 10.0;
				MTL_ENABLE_DEBUG_INFO = NO;
				PROVISIONING_PROFILE = "1411dd44-b6b1-4388-b49b-226f975a66b4";
				PROVISIONING_PROFILE_SPECIFIER = AstRal;
				SDKROOT = iphoneos;
				SWIFT_OPTIMIZATION_LEVEL = "-Owholemodule";
				TARGETED_DEVICE_FAMILY = "1,2";
				VALIDATE_PRODUCT = YES;
			};
			name = Distribution;
		};
		B07944E81EBFB2EF00CA6379 /* Distribution */ = {
			isa = XCBuildConfiguration;
			baseConfigurationReference = E9ECF3C72CCBC475F304CD86 /* Pods-Astral.release.xcconfig */;
			buildSettings = {
				ALWAYS_EMBED_SWIFT_STANDARD_LIBRARIES = YES;
				ASSETCATALOG_COMPILER_APPICON_NAME = AppIcon;
				CLANG_ENABLE_MODULES = YES;
				CODE_SIGN_IDENTITY = "iPhone Distribution: Caspar Wylie (27QDUAD326)";
				"CODE_SIGN_IDENTITY[sdk=iphoneos*]" = "iPhone Developer";
				DEVELOPMENT_TEAM = 27QDUAD326;
				FRAMEWORK_SEARCH_PATHS = (
					"$(inherited)",
					"$(PROJECT_DIR)",
					"$(PROJECT_DIR)/Build/Products/Debug-iphoneos/CryptoSwift",
				);
				INFOPLIST_FILE = "$(SRCROOT)/Astral/Info.plist";
				IPHONEOS_DEPLOYMENT_TARGET = 10.0;
				LD_RUNPATH_SEARCH_PATHS = "$(inherited) @executable_path/Frameworks";
				PRODUCT_BUNDLE_IDENTIFIER = casparwylie.casparwylie;
				PRODUCT_NAME = "$(TARGET_NAME)";
				PROVISIONING_PROFILE = "";
				PROVISIONING_PROFILE_SPECIFIER = "";
				SWIFT_OBJC_BRIDGING_HEADER = "Strands-Bridging-Header.h";
				SWIFT_VERSION = 3.0;
				TARGETED_DEVICE_FAMILY = 1;
			};
			name = Distribution;
		};
		B07944E91EBFB2EF00CA6379 /* Distribution */ = {
			isa = XCBuildConfiguration;
			buildSettings = {
				ALWAYS_EMBED_SWIFT_STANDARD_LIBRARIES = YES;
				BUNDLE_LOADER = "$(TEST_HOST)";
				DEVELOPMENT_TEAM = 3WBLGY4N68;
				INFOPLIST_FILE = StrandsTests/Info.plist;
				LD_RUNPATH_SEARCH_PATHS = "$(inherited) @executable_path/Frameworks @loader_path/Frameworks";
				PRODUCT_BUNDLE_IDENTIFIER = casparwylie.StrandsTests;
				PRODUCT_NAME = "$(TARGET_NAME)";
				SWIFT_VERSION = 3.0;
				TEST_HOST = "$(BUILT_PRODUCTS_DIR)/Astral.app/Astral";
			};
			name = Distribution;
		};
		B07944EA1EBFB2EF00CA6379 /* Distribution */ = {
			isa = XCBuildConfiguration;
			buildSettings = {
				ALWAYS_EMBED_SWIFT_STANDARD_LIBRARIES = YES;
				DEVELOPMENT_TEAM = 3WBLGY4N68;
				INFOPLIST_FILE = StrandsUITests/Info.plist;
				LD_RUNPATH_SEARCH_PATHS = "$(inherited) @executable_path/Frameworks @loader_path/Frameworks";
				PRODUCT_BUNDLE_IDENTIFIER = casparwylie.StrandsUITests;
				PRODUCT_NAME = "$(TARGET_NAME)";
				SWIFT_VERSION = 3.0;
				TEST_TARGET_NAME = Strands;
			};
			name = Distribution;
		};
		B0E356021D995DBF0088EB10 /* Debug */ = {
			isa = XCBuildConfiguration;
			buildSettings = {
				ALWAYS_SEARCH_USER_PATHS = NO;
				CLANG_ANALYZER_NONNULL = YES;
				CLANG_CXX_LANGUAGE_STANDARD = "gnu++0x";
				CLANG_CXX_LIBRARY = "libc++";
				CLANG_ENABLE_MODULES = YES;
				CLANG_ENABLE_OBJC_ARC = YES;
				CLANG_WARN_BOOL_CONVERSION = YES;
				CLANG_WARN_CONSTANT_CONVERSION = YES;
				CLANG_WARN_DIRECT_OBJC_ISA_USAGE = YES_ERROR;
				CLANG_WARN_DOCUMENTATION_COMMENTS = YES;
				CLANG_WARN_EMPTY_BODY = YES;
				CLANG_WARN_ENUM_CONVERSION = YES;
				CLANG_WARN_INFINITE_RECURSION = YES;
				CLANG_WARN_INT_CONVERSION = YES;
				CLANG_WARN_OBJC_ROOT_CLASS = YES_ERROR;
				CLANG_WARN_SUSPICIOUS_MOVE = YES;
				CLANG_WARN_SUSPICIOUS_MOVES = YES;
				CLANG_WARN_UNREACHABLE_CODE = YES;
				CLANG_WARN__DUPLICATE_METHOD_MATCH = YES;
				CODE_SIGN_IDENTITY = "iPhone Distribution: Caspar Wylie (27QDUAD326)";
				"CODE_SIGN_IDENTITY[sdk=iphoneos*]" = "iPhone Distribution: Caspar Wylie (27QDUAD326)";
				COPY_PHASE_STRIP = NO;
				DEBUG_INFORMATION_FORMAT = dwarf;
				DEVELOPMENT_TEAM = 3WBLGY4N68;
				ENABLE_STRICT_OBJC_MSGSEND = YES;
				ENABLE_TESTABILITY = YES;
				GCC_C_LANGUAGE_STANDARD = gnu99;
				GCC_DYNAMIC_NO_PIC = NO;
				GCC_NO_COMMON_BLOCKS = YES;
				GCC_OPTIMIZATION_LEVEL = 0;
				GCC_PREPROCESSOR_DEFINITIONS = (
					"DEBUG=1",
					"$(inherited)",
				);
				GCC_WARN_64_TO_32_BIT_CONVERSION = YES;
				GCC_WARN_ABOUT_RETURN_TYPE = YES_ERROR;
				GCC_WARN_UNDECLARED_SELECTOR = YES;
				GCC_WARN_UNINITIALIZED_AUTOS = YES_AGGRESSIVE;
				GCC_WARN_UNUSED_FUNCTION = YES;
				GCC_WARN_UNUSED_VARIABLE = YES;
				IPHONEOS_DEPLOYMENT_TARGET = 10.0;
				MTL_ENABLE_DEBUG_INFO = YES;
				ONLY_ACTIVE_ARCH = YES;
				PROVISIONING_PROFILE = "1411dd44-b6b1-4388-b49b-226f975a66b4";
				PROVISIONING_PROFILE_SPECIFIER = AstRal;
				SDKROOT = iphoneos;
				SWIFT_ACTIVE_COMPILATION_CONDITIONS = DEBUG;
				SWIFT_OPTIMIZATION_LEVEL = "-Onone";
				TARGETED_DEVICE_FAMILY = "1,2";
			};
			name = Debug;
		};
		B0E356031D995DBF0088EB10 /* Release */ = {
			isa = XCBuildConfiguration;
			buildSettings = {
				ALWAYS_SEARCH_USER_PATHS = NO;
				CLANG_ANALYZER_NONNULL = YES;
				CLANG_CXX_LANGUAGE_STANDARD = "gnu++0x";
				CLANG_CXX_LIBRARY = "libc++";
				CLANG_ENABLE_MODULES = YES;
				CLANG_ENABLE_OBJC_ARC = YES;
				CLANG_WARN_BOOL_CONVERSION = YES;
				CLANG_WARN_CONSTANT_CONVERSION = YES;
				CLANG_WARN_DIRECT_OBJC_ISA_USAGE = YES_ERROR;
				CLANG_WARN_DOCUMENTATION_COMMENTS = YES;
				CLANG_WARN_EMPTY_BODY = YES;
				CLANG_WARN_ENUM_CONVERSION = YES;
				CLANG_WARN_INFINITE_RECURSION = YES;
				CLANG_WARN_INT_CONVERSION = YES;
				CLANG_WARN_OBJC_ROOT_CLASS = YES_ERROR;
				CLANG_WARN_SUSPICIOUS_MOVE = YES;
				CLANG_WARN_SUSPICIOUS_MOVES = YES;
				CLANG_WARN_UNREACHABLE_CODE = YES;
				CLANG_WARN__DUPLICATE_METHOD_MATCH = YES;
				CODE_SIGN_IDENTITY = "iPhone Distribution: Caspar Wylie (27QDUAD326)";
				"CODE_SIGN_IDENTITY[sdk=iphoneos*]" = "iPhone Distribution: Caspar Wylie (27QDUAD326)";
				COPY_PHASE_STRIP = NO;
				DEBUG_INFORMATION_FORMAT = "dwarf-with-dsym";
				DEVELOPMENT_TEAM = 3WBLGY4N68;
				ENABLE_NS_ASSERTIONS = NO;
				ENABLE_STRICT_OBJC_MSGSEND = YES;
				GCC_C_LANGUAGE_STANDARD = gnu99;
				GCC_NO_COMMON_BLOCKS = YES;
				GCC_WARN_64_TO_32_BIT_CONVERSION = YES;
				GCC_WARN_ABOUT_RETURN_TYPE = YES_ERROR;
				GCC_WARN_UNDECLARED_SELECTOR = YES;
				GCC_WARN_UNINITIALIZED_AUTOS = YES_AGGRESSIVE;
				GCC_WARN_UNUSED_FUNCTION = YES;
				GCC_WARN_UNUSED_VARIABLE = YES;
				IPHONEOS_DEPLOYMENT_TARGET = 10.0;
				MTL_ENABLE_DEBUG_INFO = NO;
				PROVISIONING_PROFILE = "1411dd44-b6b1-4388-b49b-226f975a66b4";
				PROVISIONING_PROFILE_SPECIFIER = AstRal;
				SDKROOT = iphoneos;
				SWIFT_OPTIMIZATION_LEVEL = "-Owholemodule";
				TARGETED_DEVICE_FAMILY = "1,2";
				VALIDATE_PRODUCT = YES;
			};
			name = Release;
		};
		B0E356051D995DBF0088EB10 /* Debug */ = {
			isa = XCBuildConfiguration;
			baseConfigurationReference = FE3A2B397D47949F4194E4EC /* Pods-Astral.debug.xcconfig */;
			buildSettings = {
				ALWAYS_EMBED_SWIFT_STANDARD_LIBRARIES = YES;
				ASSETCATALOG_COMPILER_APPICON_NAME = AppIcon;
				CLANG_ENABLE_MODULES = YES;
				CODE_SIGN_IDENTITY = "iPhone Distribution: Caspar Wylie (27QDUAD326)";
				"CODE_SIGN_IDENTITY[sdk=iphoneos*]" = "iPhone Developer";
				DEVELOPMENT_TEAM = 27QDUAD326;
				FRAMEWORK_SEARCH_PATHS = (
					"$(inherited)",
					"$(PROJECT_DIR)",
					"$(PROJECT_DIR)/Build/Products/Debug-iphoneos/CryptoSwift",
				);
				INFOPLIST_FILE = "$(SRCROOT)/Astral/Info.plist";
				IPHONEOS_DEPLOYMENT_TARGET = 10.0;
				LD_RUNPATH_SEARCH_PATHS = "$(inherited) @executable_path/Frameworks";
				PRODUCT_BUNDLE_IDENTIFIER = casparwylie.casparwylie;
				PRODUCT_NAME = "$(TARGET_NAME)";
				PROVISIONING_PROFILE = "";
				PROVISIONING_PROFILE_SPECIFIER = "";
				SWIFT_OBJC_BRIDGING_HEADER = "Strands-Bridging-Header.h";
				SWIFT_OPTIMIZATION_LEVEL = "-Onone";
				SWIFT_VERSION = 3.0;
				TARGETED_DEVICE_FAMILY = 1;
			};
			name = Debug;
		};
		B0E356061D995DBF0088EB10 /* Release */ = {
			isa = XCBuildConfiguration;
			baseConfigurationReference = E9ECF3C72CCBC475F304CD86 /* Pods-Astral.release.xcconfig */;
			buildSettings = {
				ALWAYS_EMBED_SWIFT_STANDARD_LIBRARIES = YES;
				ASSETCATALOG_COMPILER_APPICON_NAME = AppIcon;
				CLANG_ENABLE_MODULES = YES;
				CODE_SIGN_IDENTITY = "iPhone Distribution: Caspar Wylie (27QDUAD326)";
				"CODE_SIGN_IDENTITY[sdk=iphoneos*]" = "iPhone Developer";
				DEVELOPMENT_TEAM = 27QDUAD326;
				FRAMEWORK_SEARCH_PATHS = (
					"$(inherited)",
					"$(PROJECT_DIR)",
					"$(PROJECT_DIR)/Build/Products/Debug-iphoneos/CryptoSwift",
				);
				INFOPLIST_FILE = "$(SRCROOT)/Astral/Info.plist";
				IPHONEOS_DEPLOYMENT_TARGET = 10.0;
				LD_RUNPATH_SEARCH_PATHS = "$(inherited) @executable_path/Frameworks";
				PRODUCT_BUNDLE_IDENTIFIER = casparwylie.casparwylie;
				PRODUCT_NAME = "$(TARGET_NAME)";
				PROVISIONING_PROFILE = "";
				PROVISIONING_PROFILE_SPECIFIER = "";
				SWIFT_OBJC_BRIDGING_HEADER = "Strands-Bridging-Header.h";
				SWIFT_VERSION = 3.0;
				TARGETED_DEVICE_FAMILY = 1;
			};
			name = Release;
		};
		B0E356081D995DBF0088EB10 /* Debug */ = {
			isa = XCBuildConfiguration;
			buildSettings = {
				ALWAYS_EMBED_SWIFT_STANDARD_LIBRARIES = YES;
				BUNDLE_LOADER = "$(TEST_HOST)";
				DEVELOPMENT_TEAM = 3WBLGY4N68;
				INFOPLIST_FILE = StrandsTests/Info.plist;
				LD_RUNPATH_SEARCH_PATHS = "$(inherited) @executable_path/Frameworks @loader_path/Frameworks";
				PRODUCT_BUNDLE_IDENTIFIER = casparwylie.StrandsTests;
				PRODUCT_NAME = "$(TARGET_NAME)";
				SWIFT_VERSION = 3.0;
				TEST_HOST = "$(BUILT_PRODUCTS_DIR)/Astral.app/Astral";
			};
			name = Debug;
		};
		B0E356091D995DBF0088EB10 /* Release */ = {
			isa = XCBuildConfiguration;
			buildSettings = {
				ALWAYS_EMBED_SWIFT_STANDARD_LIBRARIES = YES;
				BUNDLE_LOADER = "$(TEST_HOST)";
				DEVELOPMENT_TEAM = 3WBLGY4N68;
				INFOPLIST_FILE = StrandsTests/Info.plist;
				LD_RUNPATH_SEARCH_PATHS = "$(inherited) @executable_path/Frameworks @loader_path/Frameworks";
				PRODUCT_BUNDLE_IDENTIFIER = casparwylie.StrandsTests;
				PRODUCT_NAME = "$(TARGET_NAME)";
				SWIFT_VERSION = 3.0;
				TEST_HOST = "$(BUILT_PRODUCTS_DIR)/Astral.app/Astral";
			};
			name = Release;
		};
		B0E3560B1D995DBF0088EB10 /* Debug */ = {
			isa = XCBuildConfiguration;
			buildSettings = {
				ALWAYS_EMBED_SWIFT_STANDARD_LIBRARIES = YES;
				DEVELOPMENT_TEAM = 3WBLGY4N68;
				INFOPLIST_FILE = StrandsUITests/Info.plist;
				LD_RUNPATH_SEARCH_PATHS = "$(inherited) @executable_path/Frameworks @loader_path/Frameworks";
				PRODUCT_BUNDLE_IDENTIFIER = casparwylie.StrandsUITests;
				PRODUCT_NAME = "$(TARGET_NAME)";
				SWIFT_VERSION = 3.0;
				TEST_TARGET_NAME = Strands;
			};
			name = Debug;
		};
		B0E3560C1D995DBF0088EB10 /* Release */ = {
			isa = XCBuildConfiguration;
			buildSettings = {
				ALWAYS_EMBED_SWIFT_STANDARD_LIBRARIES = YES;
				DEVELOPMENT_TEAM = 3WBLGY4N68;
				INFOPLIST_FILE = StrandsUITests/Info.plist;
				LD_RUNPATH_SEARCH_PATHS = "$(inherited) @executable_path/Frameworks @loader_path/Frameworks";
				PRODUCT_BUNDLE_IDENTIFIER = casparwylie.StrandsUITests;
				PRODUCT_NAME = "$(TARGET_NAME)";
				SWIFT_VERSION = 3.0;
				TEST_TARGET_NAME = Strands;
			};
			name = Release;
		};
/* End XCBuildConfiguration section */

/* Begin XCConfigurationList section */
		B0E355D71D995DBF0088EB10 /* Build configuration list for PBXProject "Astral" */ = {
			isa = XCConfigurationList;
			buildConfigurations = (
				B0E356021D995DBF0088EB10 /* Debug */,
				B0E356031D995DBF0088EB10 /* Release */,
				B07944E71EBFB2EF00CA6379 /* Distribution */,
			);
			defaultConfigurationIsVisible = 0;
			defaultConfigurationName = Release;
		};
		B0E356041D995DBF0088EB10 /* Build configuration list for PBXNativeTarget "Astral" */ = {
			isa = XCConfigurationList;
			buildConfigurations = (
				B0E356051D995DBF0088EB10 /* Debug */,
				B0E356061D995DBF0088EB10 /* Release */,
				B07944E81EBFB2EF00CA6379 /* Distribution */,
			);
			defaultConfigurationIsVisible = 0;
			defaultConfigurationName = Release;
		};
		B0E356071D995DBF0088EB10 /* Build configuration list for PBXNativeTarget "AstralTests" */ = {
			isa = XCConfigurationList;
			buildConfigurations = (
				B0E356081D995DBF0088EB10 /* Debug */,
				B0E356091D995DBF0088EB10 /* Release */,
				B07944E91EBFB2EF00CA6379 /* Distribution */,
			);
			defaultConfigurationIsVisible = 0;
			defaultConfigurationName = Release;
		};
		B0E3560A1D995DBF0088EB10 /* Build configuration list for PBXNativeTarget "AstralUITests" */ = {
			isa = XCConfigurationList;
			buildConfigurations = (
				B0E3560B1D995DBF0088EB10 /* Debug */,
				B0E3560C1D995DBF0088EB10 /* Release */,
				B07944EA1EBFB2EF00CA6379 /* Distribution */,
			);
			defaultConfigurationIsVisible = 0;
			defaultConfigurationName = Release;
		};
/* End XCConfigurationList section */
	};
	rootObject = B0E355D41D995DBF0088EB10 /* Project object */;
}
